{
  "name": "wharfkit-wallet-embedded",
  "version": "1.0.0",
  "lockfileVersion": 3,
  "requires": true,
  "packages": {
    "": {
      "name": "wharfkit-wallet-embedded",
      "version": "1.0.0",
      "license": "MIT",
      "dependencies": {
        "@wharfkit/antelope": "^1.1.1",
        "@wharfkit/session": "^1.6.1"
      },
      "devDependencies": {
        "typescript": "^5.0.0"
      },
      "peerDependencies": {
        "@wharfkit/session": "^1.6.1"
      }
    },
    "node_modules/@wharfkit/abicache": {
      "version": "1.2.2",
      "resolved": "https://registry.npmjs.org/@wharfkit/abicache/-/abicache-1.2.2.tgz",
      "integrity": "sha512-yOsYz2qQpQy7Nb8XZj62pZqp8YnmWDqFlrenYksBb9jl+1aWIpFhWd+14VEez4tUAezRH4UWW+w1SX5vhmUY9A==",
      "license": "BSD-3-Clause",
      "dependencies": {
        "@wharfkit/antelope": "^1.0.2",
        "@wharfkit/signing-request": "^3.1.0",
        "pako": "^2.0.4",
        "tslib": "^2.1.0"
      }
    },
    "node_modules/@wharfkit/antelope": {
      "version": "1.1.1",
      "resolved": "https://registry.npmjs.org/@wharfkit/antelope/-/antelope-1.1.1.tgz",
      "integrity": "sha512-zOetZJG0T4/WRCIC8Ui2DGv+RxrSkdXOq/q8sUqUcuKei+aJo4/9Xk37VULPt2qe0NpTm93ajYV9cYdD9m5Fgg==",
      "license": "BSD-3-Clause-No-Military-License",
      "dependencies": {
        "bn.js": "^4.11.9",
        "brorand": "^1.1.0",
        "elliptic": "^6.5.4",
        "hash.js": "^1.0.0",
        "pako": "^2.1.0",
        "tslib": "^2.0.3"
      }
    },
    "node_modules/@wharfkit/common": {
      "version": "1.5.0",
      "resolved": "https://registry.npmjs.org/@wharfkit/common/-/common-1.5.0.tgz",
      "integrity": "sha512-eqXkOy+vshcEzK8kED+EsoTPJjlBKHYglgV9CBnZQgIlGrWIRXWH4YaXH3W7EbI/nCRJCaNqxm5fC+pgpFcp8g==",
      "license": "BSD-3-Clause",
      "dependencies": {
        "tslib": "^2.1.0"
      },
      "peerDependencies": {
        "@wharfkit/antelope": "^1.0.0"
      }
    },
    "node_modules/@wharfkit/session": {
      "version": "1.6.1",
      "resolved": "https://registry.npmjs.org/@wharfkit/session/-/session-1.6.1.tgz",
      "integrity": "sha512-k6ntDGOe8bvD/Ps0erTPTFMdYVFrw5cRvPcEwxytlmRRcNV/M8xWcpCYWdmGDxa8QYqynf/hAkbVh1PSwRGl5A==",
      "license": "BSD-3-Clause",
      "dependencies": {
        "@wharfkit/abicache": "^1.2.1",
        "@wharfkit/antelope": "^1.0.11",
        "@wharfkit/common": "^1.2.0",
        "@wharfkit/signing-request": "^3.1.0",
        "pako": "^2.0.4",
        "tslib": "^2.1.0"
      }
    },
    "node_modules/@wharfkit/signing-request": {
      "version": "3.4.0",
      "resolved": "https://registry.npmjs.org/@wharfkit/signing-request/-/signing-request-3.4.0.tgz",
      "integrity": "sha512-WstXfmR9i5pKaYXDUwNFNCgBIvN6u5IRGWSfj5O3XzthbtJUmRoJNtjGMaNnUqZ1MMx5YY4/JpY3b2e6LbpXLw==",
      "license": "MIT",
      "dependencies": {
        "@wharfkit/antelope": "^1.1.1",
        "tslib": "^2.0.3"
      }
    },
    "node_modules/bn.js": {
      "version": "4.12.3",
      "resolved": "https://registry.npmjs.org/bn.js/-/bn.js-4.12.3.tgz",
      "integrity": "sha512-fGTi3gxV/23FTYdAoUtLYp6qySe2KE3teyZitipKNRuVYcBkoP/bB3guXN/XVKUe9mxCHXnc9C4ocyz8OmgN0g==",
      "license": "MIT"
    },
    "node_modules/brorand": {
      "version": "1.1.0",
      "resolved": "https://registry.npmjs.org/brorand/-/brorand-1.1.0.tgz",
      "integrity": "sha512-cKV8tMCEpQs4hK/ik71d6LrPOnpkpGBR0wzxqr68g2m/LB2GxVYQroAjMJZRVM1Y4BCjCKc3vAamxSzOY2RP+w==",
      "license": "MIT"
    },
    "node_modules/elliptic": {
      "version": "6.6.1",
      "resolved": "https://registry.npmjs.org/elliptic/-/elliptic-6.6.1.tgz",
      "integrity": "sha512-RaddvvMatK2LJHqFJ+YA4WysVN5Ita9E35botqIYspQ4TkRAlCicdzKOjlyv/1Za5RyTNn7di//eEV0uTAfe3g==",
      "license": "MIT",
      "dependencies": {
        "bn.js": "^4.11.9",
        "brorand": "^1.1.0",
        "hash.js": "^1.0.0",
        "hmac-drbg": "^1.0.1",
        "inherits": "^2.0.4",
        "minimalistic-assert": "^1.0.1",
        "minimalistic-crypto-utils": "^1.0.1"
      }
    },
    "node_modules/hash.js": {
      "version": "1.1.7",
      "resolved": "https://registry.npmjs.org/hash.js/-/hash.js-1.1.7.tgz",
      "integrity": "sha512-taOaskGt4z4SOANNseOviYDvjEJinIkRgmp7LbKP2YTTmVxWBl87s/uzK9r+44BclBSp2X7K1hqeNfz9JbBeXA==",
      "license": "MIT",
      "dependencies": {
        "inherits": "^2.0.3",
        "minimalistic-assert": "^1.0.1"
      }
    },
    "node_modules/hmac-drbg": {
      "version": "1.0.1",
      "resolved": "https://registry.npmjs.org/hmac-drbg/-/hmac-drbg-1.0.1.tgz",
      "integrity": "sha512-Tti3gMqLdZfhOQY1Mzf/AanLiqh1WTiJgEj26ZuYQ9fbkLomzGchCws4FyrSd4VkpBfiNhaE1On+lOz894jvXg==",
      "license": "MIT",
      "dependencies": {
        "hash.js": "^1.0.3",
        "minimalistic-assert": "^1.0.0",
        "minimalistic-crypto-utils": "^1.0.1"
      }
    },
    "node_modules/inherits": {
      "version": "2.0.4",
      "resolved": "https://registry.npmjs.org/inherits/-/inherits-2.0.4.tgz",
      "integrity": "sha512-k/vGaX4/Yla3WzyMCvTQOXYeIHvqOKtnqBduzTHpzpQZzAskKMhZ2K+EnBiSM9zGSoIFeMpXKxa4dYeZIQqewQ==",
      "license": "ISC"
    },
    "node_modules/minimalistic-assert": {
      "version": "1.0.1",
      "resolved": "https://registry.npmjs.org/minimalistic-assert/-/minimalistic-assert-1.0.1.tgz",
      "integrity": "sha512-UtJcAD4yEaGtjPezWuO9wC4nwUnVH/8/Im3yEHQP4b67cXlD/Qr9hdITCU1xDbSEXg2XKNaP8jsReV7vQd00/A==",
      "license": "ISC"
    },
    "node_modules/minimalistic-crypto-utils": {
      "version": "1.0.1",
      "resolved": "https://registry.npmjs.org/minimalistic-crypto-utils/-/minimalistic-crypto-utils-1.0.1.tgz",
      "integrity": "sha512-JIYlbt6g8i5jKfJ3xz7rF0LXmv2TkDxBLUkiBeZ7bAx4GnnNMr8xFpGnOxn6GhTEHx3SjRrZEoU+j04prX1ktg==",
      "license": "MIT"
    },
    "node_modules/pako": {
      "version": "2.1.0",
      "resolved": "https://registry.npmjs.org/pako/-/pako-2.1.0.tgz",
      "integrity": "sha512-w+eufiZ1WuJYgPXbV/PO3NCMEc3xqylkKHzp8bxp1uW4qaSNQUkwmLLEc3kKsfz8lpV1F8Ht3U1Cm+9Srog2ug==",
      "license": "(MIT AND Zlib)"
    },
    "node_modules/tslib": {
      "version": "2.8.1",
      "resolved": "https://registry.npmjs.org/tslib/-/tslib-2.8.1.tgz",
      "integrity": "sha512-oJFu94HQb+KVduSUQL7wnpmqnfmLsOA/nAh6b6EH0wCEoK0/mPeXU6c3wKDV83MkOuHPRHtSXKKU99IBazS/2w==",
      "license": "0BSD"
    },
    "node_modules/typescript": {
      "version": "5.9.3",
      "resolved": "https://registry.npmjs.org/typescript/-/typescript-5.9.3.tgz",
      "integrity": "sha512-jl1vZzPDinLr9eUt3J/t7V6FgNEw9QjvBPdysz9KfQDD41fQrC2Y4vKQdiaUpFT4bXlb1RHhLpp8wtm6M5TgSw==",
      "dev": true,
      "license": "Apache-2.0",
      "bin": {
        "tsc": "bin/tsc",
        "tsserver": "bin/tsserver"
      },
      "engines": {
        "node": ">=14.17"
      }
    }
  }
}
